// !$*UTF8*$!
{
	archiveVersion = 1;
	classes = {
	};
	objectVersion = 52;
	objects = {

/* Begin PBXBuildFile section */
		50C1A72C26FDE307002CDB86 /* iVariantApp.swift in Sources */ = {isa = PBXBuildFile; fileRef = 50C1A72B26FDE307002CDB86 /* iVariantApp.swift */; };
		50C1A72E26FDE307002CDB86 /* ContentView.swift in Sources */ = {isa = PBXBuildFile; fileRef = 50C1A72D26FDE307002CDB86 /* ContentView.swift */; };
		50C1A73026FDE308002CDB86 /* Assets.xcassets in Resources */ = {isa = PBXBuildFile; fileRef = 50C1A72F26FDE308002CDB86 /* Assets.xcassets */; };
		50C1A73326FDE308002CDB86 /* Preview Assets.xcassets in Resources */ = {isa = PBXBuildFile; fileRef = 50C1A73226FDE308002CDB86 /* Preview Assets.xcassets */; };
		50C1A73D26FDE326002CDB86 /* SQLite in Frameworks */ = {isa = PBXBuildFile; productRef = 50C1A73C26FDE326002CDB86 /* SQLite */; };
		50C1A73F26FDEDB5002CDB86 /* Loader.swift in Sources */ = {isa = PBXBuildFile; fileRef = 50C1A73E26FDEDB5002CDB86 /* Loader.swift */; };
/* End PBXBuildFile section */

/* Begin PBXFileReference section */
		50C1A72826FDE307002CDB86 /* iVariant.app */ = {isa = PBXFileReference; explicitFileType = wrapper.application; includeInIndex = 0; path = iVariant.app; sourceTree = BUILT_PRODUCTS_DIR; };
		50C1A72B26FDE307002CDB86 /* iVariantApp.swift */ = {isa = PBXFileReference; lastKnownFileType = sourcecode.swift; path = iVariantApp.swift; sourceTree = "<group>"; };
		50C1A72D26FDE307002CDB86 /* ContentView.swift */ = {isa = PBXFileReference; lastKnownFileType = sourcecode.swift; path = ContentView.swift; sourceTree = "<group>"; };
		50C1A72F26FDE308002CDB86 /* Assets.xcassets */ = {isa = PBXFileReference; lastKnownFileType = folder.assetcatalog; path = Assets.xcassets; sourceTree = "<group>"; };
		50C1A73226FDE308002CDB86 /* Preview Assets.xcassets */ = {isa = PBXFileReference; lastKnownFileType = folder.assetcatalog; path = "Preview Assets.xcassets"; sourceTree = "<group>"; };
		50C1A73426FDE308002CDB86 /* Info.plist */ = {isa = PBXFileReference; lastKnownFileType = text.plist.xml; path = Info.plist; sourceTree = "<group>"; };
		50C1A73526FDE308002CDB86 /* iVariant.entitlements */ = {isa = PBXFileReference; lastKnownFileType = text.plist.entitlements; path = iVariant.entitlements; sourceTree = "<group>"; };
		50C1A73E26FDEDB5002CDB86 /* Loader.swift */ = {isa = PBXFileReference; lastKnownFileType = sourcecode.swift; path = Loader.swift; sourceTree = "<group>"; };
/* End PBXFileReference section */

/* Begin PBXFrameworksBuildPhase section */
		50C1A72526FDE307002CDB86 /* Frameworks */ = {
			isa = PBXFrameworksBuildPhase;
			buildActionMask = 2147483647;
			files = (
				50C1A73D26FDE326002CDB86 /* SQLite in Frameworks */,
			);
			runOnlyForDeploymentPostprocessing = 0;
		};
/* End PBXFrameworksBuildPhase section */

/* Begin PBXGroup section */
		50C1A71F26FDE307002CDB86 = {
			isa = PBXGroup;
			children = (
				50C1A72A26FDE307002CDB86 /* iVariant */,
				50C1A72926FDE307002CDB86 /* Products */,
			);
			sourceTree = "<group>";
		};
		50C1A72926FDE307002CDB86 /* Products */ = {
			isa = PBXGroup;
			children = (
				50C1A72826FDE307002CDB86 /* iVariant.app */,
			);
			name = Products;
			sourceTree = "<group>";
		};
		50C1A72A26FDE307002CDB86 /* iVariant */ = {
			isa = PBXGroup;
			children = (
				50C1A72B26FDE307002CDB86 /* iVariantApp.swift */,
				50C1A72D26FDE307002CDB86 /* ContentView.swift */,
				50C1A73E26FDEDB5002CDB86 /* Loader.swift */,
				50C1A72F26FDE308002CDB86 /* Assets.xcassets */,
				50C1A73426FDE308002CDB86 /* Info.plist */,
				50C1A73526FDE308002CDB86 /* iVariant.entitlements */,
				50C1A73126FDE308002CDB86 /* Preview Content */,
			);
			path = iVariant;
			sourceTree = "<group>";
		};
		50C1A73126FDE308002CDB86 /* Preview Content */ = {
			isa = PBXGroup;
			children = (
				50C1A73226FDE308002CDB86 /* Preview Assets.xcassets */,
			);
			path = "Preview Content";
			sourceTree = "<group>";
		};
/* End PBXGroup section */

/* Begin PBXNativeTarget section */
		50C1A72726FDE307002CDB86 /* iVariant */ = {
			isa = PBXNativeTarget;
			buildConfigurationList = 50C1A73826FDE308002CDB86 /* Build configuration list for PBXNativeTarget "iVariant" */;
			buildPhases = (
				50C1A72426FDE307002CDB86 /* Sources */,
				50C1A72526FDE307002CDB86 /* Frameworks */,
				50C1A72626FDE307002CDB86 /* Resources */,
			);
			buildRules = (
			);
			dependencies = (
			);
			name = iVariant;
			packageProductDependencies = (
				50C1A73C26FDE326002CDB86 /* SQLite */,
			);
			productName = iVariant;
			productReference = 50C1A72826FDE307002CDB86 /* iVariant.app */;
			productType = "com.apple.product-type.application";
		};
/* End PBXNativeTarget section */

/* Begin PBXProject section */
		50C1A72026FDE307002CDB86 /* Project object */ = {
			isa = PBXProject;
			attributes = {
				LastSwiftUpdateCheck = 1250;
				LastUpgradeCheck = 1310;
				TargetAttributes = {
					50C1A72726FDE307002CDB86 = {
						CreatedOnToolsVersion = 12.5.1;
					};
				};
			};
			buildConfigurationList = 50C1A72326FDE307002CDB86 /* Build configuration list for PBXProject "iVariant" */;
			compatibilityVersion = "Xcode 9.3";
			developmentRegion = en;
			hasScannedForEncodings = 0;
			knownRegions = (
				en,
				Base,
				"zh-Hans",
			);
			mainGroup = 50C1A71F26FDE307002CDB86;
			packageReferences = (
				50C1A73B26FDE326002CDB86 /* XCRemoteSwiftPackageReference "SQLite" */,
			);
			productRefGroup = 50C1A72926FDE307002CDB86 /* Products */;
			projectDirPath = "";
			projectRoot = "";
			targets = (
				50C1A72726FDE307002CDB86 /* iVariant */,
			);
		};
/* End PBXProject section */

/* Begin PBXResourcesBuildPhase section */
		50C1A72626FDE307002CDB86 /* Resources */ = {
			isa = PBXResourcesBuildPhase;
			buildActionMask = 2147483647;
			files = (
				50C1A73326FDE308002CDB86 /* Preview Assets.xcassets in Resources */,
				50C1A73026FDE308002CDB86 /* Assets.xcassets in Resources */,
			);
			runOnlyForDeploymentPostprocessing = 0;
		};
/* End PBXResourcesBuildPhase section */

/* Begin PBXSourcesBuildPhase section */
		50C1A72426FDE307002CDB86 /* Sources */ = {
			isa = PBXSourcesBuildPhase;
			buildActionMask = 2147483647;
			files = (
				50C1A72E26FDE307002CDB86 /* ContentView.swift in Sources */,
				50C1A72C26FDE307002CDB86 /* iVariantApp.swift in Sources */,
				50C1A73F26FDEDB5002CDB86 /* Loader.swift in Sources */,
			);
			runOnlyForDeploymentPostprocessing = 0;
		};
/* End PBXSourcesBuildPhase section */

/* Begin XCBuildConfiguration section */
		50C1A73626FDE308002CDB86 /* Debug */ = {
			isa = XCBuildConfiguration;
			buildSettings = {
				ALWAYS_SEARCH_USER_PATHS = NO;
				CLANG_ANALYZER_NONNULL = YES;
				CLANG_ANALYZER_NUMBER_OBJECT_CONVERSION = YES_AGGRESSIVE;
				CLANG_CXX_LANGUAGE_STANDARD = "gnu++14";
				CLANG_CXX_LIBRARY = "libc++";
				CLANG_ENABLE_MODULES = YES;
				CLANG_ENABLE_OBJC_ARC = YES;
				CLANG_ENABLE_OBJC_WEAK = YES;
				CLANG_WARN_BLOCK_CAPTURE_AUTORELEASING = YES;
				CLANG_WARN_BOOL_CONVERSION = YES;
				CLANG_WARN_COMMA = YES;
				CLANG_WARN_CONSTANT_CONVERSION = YES;
				CLANG_WARN_DEPRECATED_OBJC_IMPLEMENTATIONS = YES;
				CLANG_WARN_DIRECT_OBJC_ISA_USAGE = YES_ERROR;
				CLANG_WARN_DOCUMENTATION_COMMENTS = YES;
				CLANG_WARN_EMPTY_BODY = YES;
				CLANG_WARN_ENUM_CONVERSION = YES;
				CLANG_WARN_INFINITE_RECURSION = YES;
				CLANG_WARN_INT_CONVERSION = YES;
				CLANG_WARN_NON_LITERAL_NULL_CONVERSION = YES;
				CLANG_WARN_OBJC_IMPLICIT_RETAIN_SELF = YES;
				CLANG_WARN_OBJC_LITERAL_CONVERSION = YES;
				CLANG_WARN_OBJC_ROOT_CLASS = YES_ERROR;
				CLANG_WARN_QUOTED_INCLUDE_IN_FRAMEWORK_HEADER = YES;
				CLANG_WARN_RANGE_LOOP_ANALYSIS = YES;
				CLANG_WARN_STRICT_PROTOTYPES = YES;
				CLANG_WARN_SUSPICIOUS_MOVE = YES;
				CLANG_WARN_UNGUARDED_AVAILABILITY = YES_AGGRESSIVE;
				CLANG_WARN_UNREACHABLE_CODE = YES;
				CLANG_WARN__DUPLICATE_METHOD_MATCH = YES;
				COPY_PHASE_STRIP = NO;
				DEBUG_INFORMATION_FORMAT = dwarf;
				ENABLE_STRICT_OBJC_MSGSEND = YES;
				ENABLE_TESTABILITY = YES;
				GCC_C_LANGUAGE_STANDARD = gnu11;
				GCC_DYNAMIC_NO_PIC = NO;
				GCC_NO_COMMON_BLOCKS = YES;
				GCC_OPTIMIZATION_LEVEL = 0;
				GCC_PREPROCESSOR_DEFINITIONS = (
					"DEBUG=1",
					"$(inherited)",
				);
				GCC_WARN_64_TO_32_BIT_CONVERSION = YES;
				GCC_WARN_ABOUT_RETURN_TYPE = YES_ERROR;
				GCC_WARN_UNDECLARED_SELECTOR = YES;
				GCC_WARN_UNINITIALIZED_AUTOS = YES_AGGRESSIVE;
				GCC_WARN_UNUSED_FUNCTION = YES;
				GCC_WARN_UNUSED_VARIABLE = YES;
				MACOSX_DEPLOYMENT_TARGET = 12.0;
				MTL_ENABLE_DEBUG_INFO = INCLUDE_SOURCE;
				MTL_FAST_MATH = YES;
				ONLY_ACTIVE_ARCH = YES;
				SDKROOT = macosx;
				SWIFT_ACTIVE_COMPILATION_CONDITIONS = DEBUG;
				SWIFT_OPTIMIZATION_LEVEL = "-Onone";
			};
			name = Debug;
		};
		50C1A73726FDE308002CDB86 /* Release */ = {
			isa = XCBuildConfiguration;
			buildSettings = {
				ALWAYS_SEARCH_USER_PATHS = NO;
				CLANG_ANALYZER_NONNULL = YES;
				CLANG_ANALYZER_NUMBER_OBJECT_CONVERSION = YES_AGGRESSIVE;
				CLANG_CXX_LANGUAGE_STANDARD = "gnu++14";
				CLANG_CXX_LIBRARY = "libc++";
				CLANG_ENABLE_MODULES = YES;
				CLANG_ENABLE_OBJC_ARC = YES;
				CLANG_ENABLE_OBJC_WEAK = YES;
				CLANG_WARN_BLOCK_CAPTURE_AUTORELEASING = YES;
				CLANG_WARN_BOOL_CONVERSION = YES;
				CLANG_WARN_COMMA = YES;
				CLANG_WARN_CONSTANT_CONVERSION = YES;
				CLANG_WARN_DEPRECATED_OBJC_IMPLEMENTATIONS = YES;
				CLANG_WARN_DIRECT_OBJC_ISA_USAGE = YES_ERROR;
				CLANG_WARN_DOCUMENTATION_COMMENTS = YES;
				CLANG_WARN_EMPTY_BODY = YES;
				CLANG_WARN_ENUM_CONVERSION = YES;
				CLANG_WARN_INFINITE_RECURSION = YES;
				CLANG_WARN_INT_CONVERSION = YES;
				CLANG_WARN_NON_LITERAL_NULL_CONVERSION = YES;
				CLANG_WARN_OBJC_IMPLICIT_RETAIN_SELF = YES;
				CLANG_WARN_OBJC_LITERAL_CONVERSION = YES;
				CLANG_WARN_OBJC_ROOT_CLASS = YES_ERROR;
				CLANG_WARN_QUOTED_INCLUDE_IN_FRAMEWORK_HEADER = YES;
				CLANG_WARN_RANGE_LOOP_ANALYSIS = YES;
				CLANG_WARN_STRICT_PROTOTYPES = YES;
				CLANG_WARN_SUSPICIOUS_MOVE = YES;
				CLANG_WARN_UNGUARDED_AVAILABILITY = YES_AGGRESSIVE;
				CLANG_WARN_UNREACHABLE_CODE = YES;
				CLANG_WARN__DUPLICATE_METHOD_MATCH = YES;
				COPY_PHASE_STRIP = NO;
				DEBUG_INFORMATION_FORMAT = "dwarf-with-dsym";
				ENABLE_NS_ASSERTIONS = NO;
				ENABLE_STRICT_OBJC_MSGSEND = YES;
				GCC_C_LANGUAGE_STANDARD = gnu11;
				GCC_NO_COMMON_BLOCKS = YES;
				GCC_WARN_64_TO_32_BIT_CONVERSION = YES;
				GCC_WARN_ABOUT_RETURN_TYPE = YES_ERROR;
				GCC_WARN_UNDECLARED_SELECTOR = YES;
				GCC_WARN_UNINITIALIZED_AUTOS = YES_AGGRESSIVE;
				GCC_WARN_UNUSED_FUNCTION = YES;
				GCC_WARN_UNUSED_VARIABLE = YES;
				MACOSX_DEPLOYMENT_TARGET = 12.0;
				MTL_ENABLE_DEBUG_INFO = NO;
				MTL_FAST_MATH = YES;
				SDKROOT = macosx;
				SWIFT_COMPILATION_MODE = wholemodule;
				SWIFT_OPTIMIZATION_LEVEL = "-O";
			};
			name = Release;
		};
		50C1A73926FDE308002CDB86 /* Debug */ = {
			isa = XCBuildConfiguration;
			buildSettings = {
				ASSETCATALOG_COMPILER_APPICON_NAME = AppIcon;
				ASSETCATALOG_COMPILER_GLOBAL_ACCENT_COLOR_NAME = AccentColor;
				CODE_SIGN_ENTITLEMENTS = iVariant/iVariant.entitlements;
				CODE_SIGN_IDENTITY = "-";
				CODE_SIGN_STYLE = Automatic;
				COMBINE_HIDPI_IMAGES = YES;
				DEVELOPMENT_ASSET_PATHS = "\"iVariant/Preview Content\"";
				ENABLE_PREVIEWS = YES;
				INFOPLIST_FILE = iVariant/Info.plist;
				LD_RUNPATH_SEARCH_PATHS = (
					"$(inherited)",
					"@executable_path/../Frameworks",
				);
				MACOSX_DEPLOYMENT_TARGET = 12.0;
				PRODUCT_BUNDLE_IDENTIFIER = wiki.qaq.iVariant;
				PRODUCT_NAME = "$(TARGET_NAME)";
				SWIFT_VERSION = 5.0;
			};
			name = Debug;
		};
		50C1A73A26FDE308002CDB86 /* Release */ = {
			isa = XCBuildConfiguration;
			buildSettings = {
				ASSETCATALOG_COMPILER_APPICON_NAME = AppIcon;
				ASSETCATALOG_COMPILER_GLOBAL_ACCENT_COLOR_NAME = AccentColor;
				CODE_SIGN_ENTITLEMENTS = iVariant/iVariant.entitlements;
				CODE_SIGN_IDENTITY = "-";
				CODE_SIGN_STYLE = Automatic;
				COMBINE_HIDPI_IMAGES = YES;
				DEVELOPMENT_ASSET_PATHS = "\"iVariant/Preview Content\"";
				ENABLE_PREVIEWS = YES;
				INFOPLIST_FILE = iVariant/Info.plist;
				LD_RUNPATH_SEARCH_PATHS = (
					"$(inherited)",
					"@executable_path/../Frameworks",
				);
				MACOSX_DEPLOYMENT_TARGET = 12.0;
				PRODUCT_BUNDLE_IDENTIFIER = wiki.qaq.iVariant;
				PRODUCT_NAME = "$(TARGET_NAME)";
				SWIFT_VERSION = 5.0;
			};
			name = Release;
		};
/* End XCBuildConfiguration section */

/* Begin XCConfigurationList section */
		50C1A72326FDE307002CDB86 /* Build configuration list for PBXProject "iVariant" */ = {
			isa = XCConfigurationList;
			buildConfigurations = (
				50C1A73626FDE308002CDB86 /* Debug */,
				50C1A73726FDE308002CDB86 /* Release */,
			);
			defaultConfigurationIsVisible = 0;
			defaultConfigurationName = Release;
		};
		50C1A73826FDE308002CDB86 /* Build configuration list for PBXNativeTarget "iVariant" */ = {
			isa = XCConfigurationList;
			buildConfigurations = (
				50C1A73926FDE308002CDB86 /* Debug */,
				50C1A73A26FDE308002CDB86 /* Release */,
			);
			defaultConfigurationIsVisible = 0;
			defaultConfigurationName = Release;
		};
/* End XCConfigurationList section */

/* Begin XCRemoteSwiftPackageReference section */
		50C1A73B26FDE326002CDB86 /* XCRemoteSwiftPackageReference "SQLite" */ = {
			isa = XCRemoteSwiftPackageReference;
			repositoryURL = "https://github.com/stephencelis/SQLite.swift";
			requirement = {
				kind = upToNextMajorVersion;
				minimumVersion = 0.13.0;
			};
		};
/* End XCRemoteSwiftPackageReference section */

/* Begin XCSwiftPackageProductDependency section */
		50C1A73C26FDE326002CDB86 /* SQLite */ = {
			isa = XCSwiftPackageProductDependency;
			package = 50C1A73B26FDE326002CDB86 /* XCRemoteSwiftPackageReference "SQLite" */;
			productName = SQLite;
		};
/* End XCSwiftPackageProductDependency section */
	};
	rootObject = 50C1A72026FDE307002CDB86 /* Project object */;
}
